
Microsoft Visual Studio Solution File, Format Version 12.00
# Visual Studio 15
VisualStudioVersion = 15.0.28010.2019
MinimumVisualStudioVersion = 10.0.40219.1
Project("{9A19103F-16F7-4668-BE54-9A1E7A4F7556}") = "Dominio", "Dominio\Dominio.csproj", "{354DCBF5-18A4-4D00-B32E-FC9830860BCC}"
EndProject
Project("{9A19103F-16F7-4668-BE54-9A1E7A4F7556}") = "Infra", "Infra\Infra.csproj", "{551FB5AB-8724-4FCA-BCBD-BA5EC1E24C2E}"
EndProject
Project("{9A19103F-16F7-4668-BE54-9A1E7A4F7556}") = "Ioc", "Ioc\Ioc.csproj", "{48147D4C-9F4D-49D1-B0CC-7E2BB457A8BD}"
EndProject
Project("{9A19103F-16F7-4668-BE54-9A1E7A4F7556}") = "Api", "Api\Api.csproj", "{B70EEABE-CB1A-4A88-8991-D44A2930294D}"
EndProject
Project("{9A19103F-16F7-4668-BE54-9A1E7A4F7556}") = "Teste", "Teste\Teste.csproj", "{36CA46B0-92C5-4187-BE1C-862AC850A360}"
EndProject
Global
	GlobalSection(SolutionConfigurationPlatforms) = preSolution
		Debug|Any CPU = Debug|Any CPU
		Release|Any CPU = Release|Any CPU
	EndGlobalSection
	GlobalSection(ProjectConfigurationPlatforms) = postSolution
		{354DCBF5-18A4-4D00-B32E-FC9830860BCC}.Debug|Any CPU.ActiveCfg = Debug|Any CPU
		{354DCBF5-18A4-4D00-B32E-FC9830860BCC}.Debug|Any CPU.Build.0 = Debug|Any CPU
		{354DCBF5-18A4-4D00-B32E-FC9830860BCC}.Release|Any CPU.ActiveCfg = Release|Any CPU
		{354DCBF5-18A4-4D00-B32E-FC9830860BCC}.Release|Any CPU.Build.0 = Release|Any CPU
		{551FB5AB-8724-4FCA-BCBD-BA5EC1E24C2E}.Debug|Any CPU.ActiveCfg = Debug|Any CPU
		{551FB5AB-8724-4FCA-BCBD-BA5EC1E24C2E}.Debug|Any CPU.Build.0 = Debug|Any CPU
		{551FB5AB-8724-4FCA-BCBD-BA5EC1E24C2E}.Release|Any CPU.ActiveCfg = Release|Any CPU
		{551FB5AB-8724-4FCA-BCBD-BA5EC1E24C2E}.Release|Any CPU.Build.0 = Release|Any CPU
		{48147D4C-9F4D-49D1-B0CC-7E2BB457A8BD}.Debug|Any CPU.ActiveCfg = Debug|Any CPU
		{48147D4C-9F4D-49D1-B0CC-7E2BB457A8BD}.Debug|Any CPU.Build.0 = Debug|Any CPU
		{48147D4C-9F4D-49D1-B0CC-7E2BB457A8BD}.Release|Any CPU.ActiveCfg = Release|Any CPU
		{48147D4C-9F4D-49D1-B0CC-7E2BB457A8BD}.Release|Any CPU.Build.0 = Release|Any CPU
		{B70EEABE-CB1A-4A88-8991-D44A2930294D}.Debug|Any CPU.ActiveCfg = Debug|Any CPU
		{B70EEABE-CB1A-4A88-8991-D44A2930294D}.Debug|Any CPU.Build.0 = Debug|Any CPU
		{B70EEABE-CB1A-4A88-8991-D44A2930294D}.Release|Any CPU.ActiveCfg = Release|Any CPU
		{B70EEABE-CB1A-4A88-8991-D44A2930294D}.Release|Any CPU.Build.0 = Release|Any CPU
		{36CA46B0-92C5-4187-BE1C-862AC850A360}.Debug|Any CPU.ActiveCfg = Debug|Any CPU
		{36CA46B0-92C5-4187-BE1C-862AC850A360}.Debug|Any CPU.Build.0 = Debug|Any CPU
		{36CA46B0-92C5-4187-BE1C-862AC850A360}.Release|Any CPU.ActiveCfg = Release|Any CPU
		{36CA46B0-92C5-4187-BE1C-862AC850A360}.Release|Any CPU.Build.0 = Release|Any CPU
	EndGlobalSection
	GlobalSection(SolutionProperties) = preSolution
		HideSolutionNode = FALSE
	EndGlobalSection
	GlobalSection(ExtensibilityGlobals) = postSolution
		SolutionGuid = {2B384267-D663-4AC2-A147-B85189E60EC3}
	EndGlobalSection
EndGlobal
